// !$*UTF8*$!
{
	archiveVersion = 1;
	classes = {
	};
	objectVersion = 50;
	objects = {

/* Begin PBXBuildFile section */
		2B7059542678DB9400B216DC /* TweetFeedPresenter.swift in Sources */ = {isa = PBXBuildFile; fileRef = 2B7059532678DB9400B216DC /* TweetFeedPresenter.swift */; };
		2B7059592678DD4700B216DC /* Tweet.swift in Sources */ = {isa = PBXBuildFile; fileRef = 2B7059582678DD4700B216DC /* Tweet.swift */; };
		2B70595D2678DDB300B216DC /* TweetViewModel.swift in Sources */ = {isa = PBXBuildFile; fileRef = 2B70595C2678DDB300B216DC /* TweetViewModel.swift */; };
		2B7059632678DE5A00B216DC /* User.swift in Sources */ = {isa = PBXBuildFile; fileRef = 2B7059622678DE5A00B216DC /* User.swift */; };
		2B7059672678DE9F00B216DC /* UserViewModel.swift in Sources */ = {isa = PBXBuildFile; fileRef = 2B7059662678DE9F00B216DC /* UserViewModel.swift */; };
		2B70596A2678DEFD00B216DC /* GetTweetsInteractor.swift in Sources */ = {isa = PBXBuildFile; fileRef = 2B7059692678DEFD00B216DC /* GetTweetsInteractor.swift */; };
		2B70596D2678E0A200B216DC /* TweetFeedView.swift in Sources */ = {isa = PBXBuildFile; fileRef = 2B70596C2678E0A200B216DC /* TweetFeedView.swift */; };
		2B7059722678E51F00B216DC /* ColorExt.swift in Sources */ = {isa = PBXBuildFile; fileRef = 2B7059712678E51F00B216DC /* ColorExt.swift */; };
		2BD33F5C26778347007A8C85 /* iOS_TwitterApp.swift in Sources */ = {isa = PBXBuildFile; fileRef = 2BD33F5B26778347007A8C85 /* iOS_TwitterApp.swift */; };
		2BD33F6026778348007A8C85 /* Assets.xcassets in Resources */ = {isa = PBXBuildFile; fileRef = 2BD33F5F26778348007A8C85 /* Assets.xcassets */; };
		2BD33F6326778348007A8C85 /* Preview Assets.xcassets in Resources */ = {isa = PBXBuildFile; fileRef = 2BD33F6226778348007A8C85 /* Preview Assets.xcassets */; };
		2BD33F6E26778348007A8C85 /* iOS_TwitterTests.swift in Sources */ = {isa = PBXBuildFile; fileRef = 2BD33F6D26778348007A8C85 /* iOS_TwitterTests.swift */; };
		2BD33F7926778348007A8C85 /* iOS_TwitterUITests.swift in Sources */ = {isa = PBXBuildFile; fileRef = 2BD33F7826778348007A8C85 /* iOS_TwitterUITests.swift */; };
/* End PBXBuildFile section */

/* Begin PBXContainerItemProxy section */
		2BD33F6A26778348007A8C85 /* PBXContainerItemProxy */ = {
			isa = PBXContainerItemProxy;
			containerPortal = 2BD33F5026778347007A8C85 /* Project object */;
			proxyType = 1;
			remoteGlobalIDString = 2BD33F5726778347007A8C85;
			remoteInfo = "iOS Twitter";
		};
		2BD33F7526778348007A8C85 /* PBXContainerItemProxy */ = {
			isa = PBXContainerItemProxy;
			containerPortal = 2BD33F5026778347007A8C85 /* Project object */;
			proxyType = 1;
			remoteGlobalIDString = 2BD33F5726778347007A8C85;
			remoteInfo = "iOS Twitter";
		};
/* End PBXContainerItemProxy section */

/* Begin PBXFileReference section */
		2B7059532678DB9400B216DC /* TweetFeedPresenter.swift */ = {isa = PBXFileReference; lastKnownFileType = sourcecode.swift; path = TweetFeedPresenter.swift; sourceTree = "<group>"; };
		2B7059582678DD4700B216DC /* Tweet.swift */ = {isa = PBXFileReference; lastKnownFileType = sourcecode.swift; path = Tweet.swift; sourceTree = "<group>"; };
		2B70595C2678DDB300B216DC /* TweetViewModel.swift */ = {isa = PBXFileReference; lastKnownFileType = sourcecode.swift; path = TweetViewModel.swift; sourceTree = "<group>"; };
		2B7059622678DE5A00B216DC /* User.swift */ = {isa = PBXFileReference; lastKnownFileType = sourcecode.swift; path = User.swift; sourceTree = "<group>"; };
		2B7059662678DE9F00B216DC /* UserViewModel.swift */ = {isa = PBXFileReference; lastKnownFileType = sourcecode.swift; path = UserViewModel.swift; sourceTree = "<group>"; };
		2B7059692678DEFD00B216DC /* GetTweetsInteractor.swift */ = {isa = PBXFileReference; lastKnownFileType = sourcecode.swift; path = GetTweetsInteractor.swift; sourceTree = "<group>"; };
		2B70596C2678E0A200B216DC /* TweetFeedView.swift */ = {isa = PBXFileReference; lastKnownFileType = sourcecode.swift; path = TweetFeedView.swift; sourceTree = "<group>"; };
		2B7059712678E51F00B216DC /* ColorExt.swift */ = {isa = PBXFileReference; lastKnownFileType = sourcecode.swift; path = ColorExt.swift; sourceTree = "<group>"; };
		2BD33F5826778347007A8C85 /* iOS Twitter.app */ = {isa = PBXFileReference; explicitFileType = wrapper.application; includeInIndex = 0; path = "iOS Twitter.app"; sourceTree = BUILT_PRODUCTS_DIR; };
		2BD33F5B26778347007A8C85 /* iOS_TwitterApp.swift */ = {isa = PBXFileReference; lastKnownFileType = sourcecode.swift; path = iOS_TwitterApp.swift; sourceTree = "<group>"; };
		2BD33F5F26778348007A8C85 /* Assets.xcassets */ = {isa = PBXFileReference; lastKnownFileType = folder.assetcatalog; path = Assets.xcassets; sourceTree = "<group>"; };
		2BD33F6226778348007A8C85 /* Preview Assets.xcassets */ = {isa = PBXFileReference; lastKnownFileType = folder.assetcatalog; path = "Preview Assets.xcassets"; sourceTree = "<group>"; };
		2BD33F6426778348007A8C85 /* Info.plist */ = {isa = PBXFileReference; lastKnownFileType = text.plist.xml; path = Info.plist; sourceTree = "<group>"; };
		2BD33F6926778348007A8C85 /* iOS TwitterTests.xctest */ = {isa = PBXFileReference; explicitFileType = wrapper.cfbundle; includeInIndex = 0; path = "iOS TwitterTests.xctest"; sourceTree = BUILT_PRODUCTS_DIR; };
		2BD33F6D26778348007A8C85 /* iOS_TwitterTests.swift */ = {isa = PBXFileReference; lastKnownFileType = sourcecode.swift; path = iOS_TwitterTests.swift; sourceTree = "<group>"; };
		2BD33F6F26778348007A8C85 /* Info.plist */ = {isa = PBXFileReference; lastKnownFileType = text.plist.xml; path = Info.plist; sourceTree = "<group>"; };
		2BD33F7426778348007A8C85 /* iOS TwitterUITests.xctest */ = {isa = PBXFileReference; explicitFileType = wrapper.cfbundle; includeInIndex = 0; path = "iOS TwitterUITests.xctest"; sourceTree = BUILT_PRODUCTS_DIR; };
		2BD33F7826778348007A8C85 /* iOS_TwitterUITests.swift */ = {isa = PBXFileReference; lastKnownFileType = sourcecode.swift; path = iOS_TwitterUITests.swift; sourceTree = "<group>"; };
		2BD33F7A26778348007A8C85 /* Info.plist */ = {isa = PBXFileReference; lastKnownFileType = text.plist.xml; path = Info.plist; sourceTree = "<group>"; };
/* End PBXFileReference section */

/* Begin PBXFrameworksBuildPhase section */
		2BD33F5526778347007A8C85 /* Frameworks */ = {
			isa = PBXFrameworksBuildPhase;
			buildActionMask = 2147483647;
			files = (
			);
			runOnlyForDeploymentPostprocessing = 0;
		};
		2BD33F6626778348007A8C85 /* Frameworks */ = {
			isa = PBXFrameworksBuildPhase;
			buildActionMask = 2147483647;
			files = (
			);
			runOnlyForDeploymentPostprocessing = 0;
		};
		2BD33F7126778348007A8C85 /* Frameworks */ = {
			isa = PBXFrameworksBuildPhase;
			buildActionMask = 2147483647;
			files = (
			);
			runOnlyForDeploymentPostprocessing = 0;
		};
/* End PBXFrameworksBuildPhase section */

/* Begin PBXGroup section */
		2B7059502678DB5E00B216DC /* Application */ = {
			isa = PBXGroup;
			children = (
				2B70596F2678E50D00B216DC /* Common */,
				2B7059522678DB7900B216DC /* Features */,
			);
			path = Application;
			sourceTree = "<group>";
		};
		2B7059522678DB7900B216DC /* Features */ = {
			isa = PBXGroup;
			children = (
				2B70595F2678DE3D00B216DC /* User */,
				2B70595E2678DE2C00B216DC /* Feed */,
			);
			path = Features;
			sourceTree = "<group>";
		};
		2B7059552678DD2C00B216DC /* Domain */ = {
			isa = PBXGroup;
			children = (
				2B7059682678DEED00B216DC /* Interactor */,
				2B7059572678DD3A00B216DC /* Model */,
			);
			path = Domain;
			sourceTree = "<group>";
		};
		2B7059562678DD3500B216DC /* Data */ = {
			isa = PBXGroup;
			children = (
			);
			path = Data;
			sourceTree = "<group>";
		};
		2B7059572678DD3A00B216DC /* Model */ = {
			isa = PBXGroup;
			children = (
				2B7059582678DD4700B216DC /* Tweet.swift */,
			);
			path = Model;
			sourceTree = "<group>";
		};
		2B70595A2678DD9300B216DC /* Presentation */ = {
			isa = PBXGroup;
			children = (
				2B70596E2678E0F900B216DC /* Presenter */,
				2B70596B2678E09000B216DC /* View */,
				2B70595B2678DDA700B216DC /* Model */,
			);
			path = Presentation;
			sourceTree = "<group>";
		};
		2B70595B2678DDA700B216DC /* Model */ = {
			isa = PBXGroup;
			children = (
				2B70595C2678DDB300B216DC /* TweetViewModel.swift */,
			);
			path = Model;
			sourceTree = "<group>";
		};
		2B70595E2678DE2C00B216DC /* Feed */ = {
			isa = PBXGroup;
			children = (
				2B70595A2678DD9300B216DC /* Presentation */,
				2B7059562678DD3500B216DC /* Data */,
				2B7059552678DD2C00B216DC /* Domain */,
			);
			path = Feed;
			sourceTree = "<group>";
		};
		2B70595F2678DE3D00B216DC /* User */ = {
			isa = PBXGroup;
			children = (
				2B7059642678DE8E00B216DC /* Presentation */,
				2B7059602678DE4300B216DC /* Domain */,
			);
			path = User;
			sourceTree = "<group>";
		};
		2B7059602678DE4300B216DC /* Domain */ = {
			isa = PBXGroup;
			children = (
				2B7059612678DE4A00B216DC /* Model */,
			);
			path = Domain;
			sourceTree = "<group>";
		};
		2B7059612678DE4A00B216DC /* Model */ = {
			isa = PBXGroup;
			children = (
				2B7059622678DE5A00B216DC /* User.swift */,
			);
			path = Model;
			sourceTree = "<group>";
		};
		2B7059642678DE8E00B216DC /* Presentation */ = {
			isa = PBXGroup;
			children = (
				2B7059652678DE9500B216DC /* Model */,
			);
			path = Presentation;
			sourceTree = "<group>";
		};
		2B7059652678DE9500B216DC /* Model */ = {
			isa = PBXGroup;
			children = (
				2B7059662678DE9F00B216DC /* UserViewModel.swift */,
			);
			path = Model;
			sourceTree = "<group>";
		};
		2B7059682678DEED00B216DC /* Interactor */ = {
			isa = PBXGroup;
			children = (
				2B7059692678DEFD00B216DC /* GetTweetsInteractor.swift */,
			);
			path = Interactor;
			sourceTree = "<group>";
		};
		2B70596B2678E09000B216DC /* View */ = {
			isa = PBXGroup;
			children = (
				2B70596C2678E0A200B216DC /* TweetFeedView.swift */,
			);
			path = View;
			sourceTree = "<group>";
		};
		2B70596E2678E0F900B216DC /* Presenter */ = {
			isa = PBXGroup;
			children = (
				2B7059532678DB9400B216DC /* TweetFeedPresenter.swift */,
			);
			path = Presenter;
			sourceTree = "<group>";
		};
		2B70596F2678E50D00B216DC /* Common */ = {
			isa = PBXGroup;
			children = (
				2B7059702678E51300B216DC /* Utilities */,
			);
			path = Common;
			sourceTree = "<group>";
		};
		2B7059702678E51300B216DC /* Utilities */ = {
			isa = PBXGroup;
			children = (
				2B7059712678E51F00B216DC /* ColorExt.swift */,
			);
			path = Utilities;
			sourceTree = "<group>";
		};
		2BD33F4F26778347007A8C85 = {
			isa = PBXGroup;
			children = (
				2BD33F5A26778347007A8C85 /* iOS Twitter */,
				2BD33F6C26778348007A8C85 /* iOS TwitterTests */,
				2BD33F7726778348007A8C85 /* iOS TwitterUITests */,
				2BD33F5926778347007A8C85 /* Products */,
			);
			sourceTree = "<group>";
		};
		2BD33F5926778347007A8C85 /* Products */ = {
			isa = PBXGroup;
			children = (
				2BD33F5826778347007A8C85 /* iOS Twitter.app */,
				2BD33F6926778348007A8C85 /* iOS TwitterTests.xctest */,
				2BD33F7426778348007A8C85 /* iOS TwitterUITests.xctest */,
			);
			name = Products;
			sourceTree = "<group>";
		};
		2BD33F5A26778347007A8C85 /* iOS Twitter */ = {
			isa = PBXGroup;
			children = (
				2B7059502678DB5E00B216DC /* Application */,
				2BD33F5B26778347007A8C85 /* iOS_TwitterApp.swift */,
				2BD33F5F26778348007A8C85 /* Assets.xcassets */,
				2BD33F6426778348007A8C85 /* Info.plist */,
				2BD33F6126778348007A8C85 /* Preview Content */,
			);
			path = "iOS Twitter";
			sourceTree = "<group>";
		};
		2BD33F6126778348007A8C85 /* Preview Content */ = {
			isa = PBXGroup;
			children = (
				2BD33F6226778348007A8C85 /* Preview Assets.xcassets */,
			);
			path = "Preview Content";
			sourceTree = "<group>";
		};
		2BD33F6C26778348007A8C85 /* iOS TwitterTests */ = {
			isa = PBXGroup;
			children = (
				2BD33F6D26778348007A8C85 /* iOS_TwitterTests.swift */,
				2BD33F6F26778348007A8C85 /* Info.plist */,
			);
			path = "iOS TwitterTests";
			sourceTree = "<group>";
		};
		2BD33F7726778348007A8C85 /* iOS TwitterUITests */ = {
			isa = PBXGroup;
			children = (
				2BD33F7826778348007A8C85 /* iOS_TwitterUITests.swift */,
				2BD33F7A26778348007A8C85 /* Info.plist */,
			);
			path = "iOS TwitterUITests";
			sourceTree = "<group>";
		};
/* End PBXGroup section */

/* Begin PBXNativeTarget section */
		2BD33F5726778347007A8C85 /* iOS Twitter */ = {
			isa = PBXNativeTarget;
			buildConfigurationList = 2BD33F7D26778348007A8C85 /* Build configuration list for PBXNativeTarget "iOS Twitter" */;
			buildPhases = (
				2BD33F5426778347007A8C85 /* Sources */,
				2BD33F5526778347007A8C85 /* Frameworks */,
				2BD33F5626778347007A8C85 /* Resources */,
			);
			buildRules = (
			);
			dependencies = (
			);
			name = "iOS Twitter";
			productName = "iOS Twitter";
			productReference = 2BD33F5826778347007A8C85 /* iOS Twitter.app */;
			productType = "com.apple.product-type.application";
		};
		2BD33F6826778348007A8C85 /* iOS TwitterTests */ = {
			isa = PBXNativeTarget;
			buildConfigurationList = 2BD33F8026778348007A8C85 /* Build configuration list for PBXNativeTarget "iOS TwitterTests" */;
			buildPhases = (
				2BD33F6526778348007A8C85 /* Sources */,
				2BD33F6626778348007A8C85 /* Frameworks */,
				2BD33F6726778348007A8C85 /* Resources */,
			);
			buildRules = (
			);
			dependencies = (
				2BD33F6B26778348007A8C85 /* PBXTargetDependency */,
			);
			name = "iOS TwitterTests";
			productName = "iOS TwitterTests";
			productReference = 2BD33F6926778348007A8C85 /* iOS TwitterTests.xctest */;
			productType = "com.apple.product-type.bundle.unit-test";
		};
		2BD33F7326778348007A8C85 /* iOS TwitterUITests */ = {
			isa = PBXNativeTarget;
			buildConfigurationList = 2BD33F8326778348007A8C85 /* Build configuration list for PBXNativeTarget "iOS TwitterUITests" */;
			buildPhases = (
				2BD33F7026778348007A8C85 /* Sources */,
				2BD33F7126778348007A8C85 /* Frameworks */,
				2BD33F7226778348007A8C85 /* Resources */,
			);
			buildRules = (
			);
			dependencies = (
				2BD33F7626778348007A8C85 /* PBXTargetDependency */,
			);
			name = "iOS TwitterUITests";
			productName = "iOS TwitterUITests";
			productReference = 2BD33F7426778348007A8C85 /* iOS TwitterUITests.xctest */;
			productType = "com.apple.product-type.bundle.ui-testing";
		};
/* End PBXNativeTarget section */

/* Begin PBXProject section */
		2BD33F5026778347007A8C85 /* Project object */ = {
			isa = PBXProject;
			attributes = {
				LastSwiftUpdateCheck = 1250;
				LastUpgradeCheck = 1250;
				TargetAttributes = {
					2BD33F5726778347007A8C85 = {
						CreatedOnToolsVersion = 12.5;
					};
					2BD33F6826778348007A8C85 = {
						CreatedOnToolsVersion = 12.5;
						TestTargetID = 2BD33F5726778347007A8C85;
					};
					2BD33F7326778348007A8C85 = {
						CreatedOnToolsVersion = 12.5;
						TestTargetID = 2BD33F5726778347007A8C85;
					};
				};
			};
			buildConfigurationList = 2BD33F5326778347007A8C85 /* Build configuration list for PBXProject "iOS Twitter" */;
			compatibilityVersion = "Xcode 9.3";
			developmentRegion = en;
			hasScannedForEncodings = 0;
			knownRegions = (
				en,
				Base,
			);
			mainGroup = 2BD33F4F26778347007A8C85;
			productRefGroup = 2BD33F5926778347007A8C85 /* Products */;
			projectDirPath = "";
			projectRoot = "";
			targets = (
				2BD33F5726778347007A8C85 /* iOS Twitter */,
				2BD33F6826778348007A8C85 /* iOS TwitterTests */,
				2BD33F7326778348007A8C85 /* iOS TwitterUITests */,
			);
		};
/* End PBXProject section */

/* Begin PBXResourcesBuildPhase section */
		2BD33F5626778347007A8C85 /* Resources */ = {
			isa = PBXResourcesBuildPhase;
			buildActionMask = 2147483647;
			files = (
				2BD33F6326778348007A8C85 /* Preview Assets.xcassets in Resources */,
				2BD33F6026778348007A8C85 /* Assets.xcassets in Resources */,
			);
			runOnlyForDeploymentPostprocessing = 0;
		};
		2BD33F6726778348007A8C85 /* Resources */ = {
			isa = PBXResourcesBuildPhase;
			buildActionMask = 2147483647;
			files = (
			);
			runOnlyForDeploymentPostprocessing = 0;
		};
		2BD33F7226778348007A8C85 /* Resources */ = {
			isa = PBXResourcesBuildPhase;
			buildActionMask = 2147483647;
			files = (
			);
			runOnlyForDeploymentPostprocessing = 0;
		};
/* End PBXResourcesBuildPhase section */

/* Begin PBXSourcesBuildPhase section */
		2BD33F5426778347007A8C85 /* Sources */ = {
			isa = PBXSourcesBuildPhase;
			buildActionMask = 2147483647;
			files = (
				2B7059542678DB9400B216DC /* TweetFeedPresenter.swift in Sources */,
				2B7059722678E51F00B216DC /* ColorExt.swift in Sources */,
				2B70595D2678DDB300B216DC /* TweetViewModel.swift in Sources */,
				2B7059632678DE5A00B216DC /* User.swift in Sources */,
				2B70596A2678DEFD00B216DC /* GetTweetsInteractor.swift in Sources */,
				2BD33F5C26778347007A8C85 /* iOS_TwitterApp.swift in Sources */,
				2B7059672678DE9F00B216DC /* UserViewModel.swift in Sources */,
				2B7059592678DD4700B216DC /* Tweet.swift in Sources */,
				2B70596D2678E0A200B216DC /* TweetFeedView.swift in Sources */,
			);
			runOnlyForDeploymentPostprocessing = 0;
		};
		2BD33F6526778348007A8C85 /* Sources */ = {
			isa = PBXSourcesBuildPhase;
			buildActionMask = 2147483647;
			files = (
				2BD33F6E26778348007A8C85 /* iOS_TwitterTests.swift in Sources */,
			);
			runOnlyForDeploymentPostprocessing = 0;
		};
		2BD33F7026778348007A8C85 /* Sources */ = {
			isa = PBXSourcesBuildPhase;
			buildActionMask = 2147483647;
			files = (
				2BD33F7926778348007A8C85 /* iOS_TwitterUITests.swift in Sources */,
			);
			runOnlyForDeploymentPostprocessing = 0;
		};
/* End PBXSourcesBuildPhase section */

/* Begin PBXTargetDependency section */
		2BD33F6B26778348007A8C85 /* PBXTargetDependency */ = {
			isa = PBXTargetDependency;
			target = 2BD33F5726778347007A8C85 /* iOS Twitter */;
			targetProxy = 2BD33F6A26778348007A8C85 /* PBXContainerItemProxy */;
		};
		2BD33F7626778348007A8C85 /* PBXTargetDependency */ = {
			isa = PBXTargetDependency;
			target = 2BD33F5726778347007A8C85 /* iOS Twitter */;
			targetProxy = 2BD33F7526778348007A8C85 /* PBXContainerItemProxy */;
		};
/* End PBXTargetDependency section */

/* Begin XCBuildConfiguration section */
		2BD33F7B26778348007A8C85 /* Debug */ = {
			isa = XCBuildConfiguration;
			buildSettings = {
				ALWAYS_SEARCH_USER_PATHS = NO;
				CLANG_ANALYZER_NONNULL = YES;
				CLANG_ANALYZER_NUMBER_OBJECT_CONVERSION = YES_AGGRESSIVE;
				CLANG_CXX_LANGUAGE_STANDARD = "gnu++14";
				CLANG_CXX_LIBRARY = "libc++";
				CLANG_ENABLE_MODULES = YES;
				CLANG_ENABLE_OBJC_ARC = YES;
				CLANG_ENABLE_OBJC_WEAK = YES;
				CLANG_WARN_BLOCK_CAPTURE_AUTORELEASING = YES;
				CLANG_WARN_BOOL_CONVERSION = YES;
				CLANG_WARN_COMMA = YES;
				CLANG_WARN_CONSTANT_CONVERSION = YES;
				CLANG_WARN_DEPRECATED_OBJC_IMPLEMENTATIONS = YES;
				CLANG_WARN_DIRECT_OBJC_ISA_USAGE = YES_ERROR;
				CLANG_WARN_DOCUMENTATION_COMMENTS = YES;
				CLANG_WARN_EMPTY_BODY = YES;
				CLANG_WARN_ENUM_CONVERSION = YES;
				CLANG_WARN_INFINITE_RECURSION = YES;
				CLANG_WARN_INT_CONVERSION = YES;
				CLANG_WARN_NON_LITERAL_NULL_CONVERSION = YES;
				CLANG_WARN_OBJC_IMPLICIT_RETAIN_SELF = YES;
				CLANG_WARN_OBJC_LITERAL_CONVERSION = YES;
				CLANG_WARN_OBJC_ROOT_CLASS = YES_ERROR;
				CLANG_WARN_QUOTED_INCLUDE_IN_FRAMEWORK_HEADER = YES;
				CLANG_WARN_RANGE_LOOP_ANALYSIS = YES;
				CLANG_WARN_STRICT_PROTOTYPES = YES;
				CLANG_WARN_SUSPICIOUS_MOVE = YES;
				CLANG_WARN_UNGUARDED_AVAILABILITY = YES_AGGRESSIVE;
				CLANG_WARN_UNREACHABLE_CODE = YES;
				CLANG_WARN__DUPLICATE_METHOD_MATCH = YES;
				COPY_PHASE_STRIP = NO;
				DEBUG_INFORMATION_FORMAT = dwarf;
				ENABLE_STRICT_OBJC_MSGSEND = YES;
				ENABLE_TESTABILITY = YES;
				GCC_C_LANGUAGE_STANDARD = gnu11;
				GCC_DYNAMIC_NO_PIC = NO;
				GCC_NO_COMMON_BLOCKS = YES;
				GCC_OPTIMIZATION_LEVEL = 0;
				GCC_PREPROCESSOR_DEFINITIONS = (
					"DEBUG=1",
					"$(inherited)",
				);
				GCC_WARN_64_TO_32_BIT_CONVERSION = YES;
				GCC_WARN_ABOUT_RETURN_TYPE = YES_ERROR;
				GCC_WARN_UNDECLARED_SELECTOR = YES;
				GCC_WARN_UNINITIALIZED_AUTOS = YES_AGGRESSIVE;
				GCC_WARN_UNUSED_FUNCTION = YES;
				GCC_WARN_UNUSED_VARIABLE = YES;
				IPHONEOS_DEPLOYMENT_TARGET = 14.5;
				MTL_ENABLE_DEBUG_INFO = INCLUDE_SOURCE;
				MTL_FAST_MATH = YES;
				ONLY_ACTIVE_ARCH = YES;
				SDKROOT = iphoneos;
				SWIFT_ACTIVE_COMPILATION_CONDITIONS = DEBUG;
				SWIFT_OPTIMIZATION_LEVEL = "-Onone";
			};
			name = Debug;
		};
		2BD33F7C26778348007A8C85 /* Release */ = {
			isa = XCBuildConfiguration;
			buildSettings = {
				ALWAYS_SEARCH_USER_PATHS = NO;
				CLANG_ANALYZER_NONNULL = YES;
				CLANG_ANALYZER_NUMBER_OBJECT_CONVERSION = YES_AGGRESSIVE;
				CLANG_CXX_LANGUAGE_STANDARD = "gnu++14";
				CLANG_CXX_LIBRARY = "libc++";
				CLANG_ENABLE_MODULES = YES;
				CLANG_ENABLE_OBJC_ARC = YES;
				CLANG_ENABLE_OBJC_WEAK = YES;
				CLANG_WARN_BLOCK_CAPTURE_AUTORELEASING = YES;
				CLANG_WARN_BOOL_CONVERSION = YES;
				CLANG_WARN_COMMA = YES;
				CLANG_WARN_CONSTANT_CONVERSION = YES;
				CLANG_WARN_DEPRECATED_OBJC_IMPLEMENTATIONS = YES;
				CLANG_WARN_DIRECT_OBJC_ISA_USAGE = YES_ERROR;
				CLANG_WARN_DOCUMENTATION_COMMENTS = YES;
				CLANG_WARN_EMPTY_BODY = YES;
				CLANG_WARN_ENUM_CONVERSION = YES;
				CLANG_WARN_INFINITE_RECURSION = YES;
				CLANG_WARN_INT_CONVERSION = YES;
				CLANG_WARN_NON_LITERAL_NULL_CONVERSION = YES;
				CLANG_WARN_OBJC_IMPLICIT_RETAIN_SELF = YES;
				CLANG_WARN_OBJC_LITERAL_CONVERSION = YES;
				CLANG_WARN_OBJC_ROOT_CLASS = YES_ERROR;
				CLANG_WARN_QUOTED_INCLUDE_IN_FRAMEWORK_HEADER = YES;
				CLANG_WARN_RANGE_LOOP_ANALYSIS = YES;
				CLANG_WARN_STRICT_PROTOTYPES = YES;
				CLANG_WARN_SUSPICIOUS_MOVE = YES;
				CLANG_WARN_UNGUARDED_AVAILABILITY = YES_AGGRESSIVE;
				CLANG_WARN_UNREACHABLE_CODE = YES;
				CLANG_WARN__DUPLICATE_METHOD_MATCH = YES;
				COPY_PHASE_STRIP = NO;
				DEBUG_INFORMATION_FORMAT = "dwarf-with-dsym";
				ENABLE_NS_ASSERTIONS = NO;
				ENABLE_STRICT_OBJC_MSGSEND = YES;
				GCC_C_LANGUAGE_STANDARD = gnu11;
				GCC_NO_COMMON_BLOCKS = YES;
				GCC_WARN_64_TO_32_BIT_CONVERSION = YES;
				GCC_WARN_ABOUT_RETURN_TYPE = YES_ERROR;
				GCC_WARN_UNDECLARED_SELECTOR = YES;
				GCC_WARN_UNINITIALIZED_AUTOS = YES_AGGRESSIVE;
				GCC_WARN_UNUSED_FUNCTION = YES;
				GCC_WARN_UNUSED_VARIABLE = YES;
				IPHONEOS_DEPLOYMENT_TARGET = 14.5;
				MTL_ENABLE_DEBUG_INFO = NO;
				MTL_FAST_MATH = YES;
				SDKROOT = iphoneos;
				SWIFT_COMPILATION_MODE = wholemodule;
				SWIFT_OPTIMIZATION_LEVEL = "-O";
				VALIDATE_PRODUCT = YES;
			};
			name = Release;
		};
		2BD33F7E26778348007A8C85 /* Debug */ = {
			isa = XCBuildConfiguration;
			buildSettings = {
				ASSETCATALOG_COMPILER_APPICON_NAME = AppIcon;
				ASSETCATALOG_COMPILER_GLOBAL_ACCENT_COLOR_NAME = AccentColor;
				CODE_SIGN_STYLE = Automatic;
				DEVELOPMENT_ASSET_PATHS = "\"iOS Twitter/Preview Content\"";
				DEVELOPMENT_TEAM = 9YHGX7ST8H;
				ENABLE_PREVIEWS = YES;
				INFOPLIST_FILE = "iOS Twitter/Info.plist";
				IPHONEOS_DEPLOYMENT_TARGET = 14.0;
				LD_RUNPATH_SEARCH_PATHS = (
					"$(inherited)",
					"@executable_path/Frameworks",
				);
				PRODUCT_BUNDLE_IDENTIFIER = "com.mobilejazz.iOS-Twitter";
				PRODUCT_NAME = "$(TARGET_NAME)";
				SWIFT_VERSION = 5.0;
				TARGETED_DEVICE_FAMILY = "1,2";
			};
			name = Debug;
		};
		2BD33F7F26778348007A8C85 /* Release */ = {
			isa = XCBuildConfiguration;
			buildSettings = {
				ASSETCATALOG_COMPILER_APPICON_NAME = AppIcon;
				ASSETCATALOG_COMPILER_GLOBAL_ACCENT_COLOR_NAME = AccentColor;
				CODE_SIGN_STYLE = Automatic;
				DEVELOPMENT_ASSET_PATHS = "\"iOS Twitter/Preview Content\"";
				DEVELOPMENT_TEAM = 9YHGX7ST8H;
				ENABLE_PREVIEWS = YES;
				INFOPLIST_FILE = "iOS Twitter/Info.plist";
				IPHONEOS_DEPLOYMENT_TARGET = 14.0;
				LD_RUNPATH_SEARCH_PATHS = (
					"$(inherited)",
					"@executable_path/Frameworks",
				);
				PRODUCT_BUNDLE_IDENTIFIER = "com.mobilejazz.iOS-Twitter";
				PRODUCT_NAME = "$(TARGET_NAME)";
				SWIFT_VERSION = 5.0;
				TARGETED_DEVICE_FAMILY = "1,2";
			};
			name = Release;
		};
		2BD33F8126778348007A8C85 /* Debug */ = {
			isa = XCBuildConfiguration;
			buildSettings = {
				ALWAYS_EMBED_SWIFT_STANDARD_LIBRARIES = YES;
				BUNDLE_LOADER = "$(TEST_HOST)";
				CODE_SIGN_STYLE = Automatic;
				DEVELOPMENT_TEAM = 9YHGX7ST8H;
				INFOPLIST_FILE = "iOS TwitterTests/Info.plist";
				IPHONEOS_DEPLOYMENT_TARGET = 14.0;
				LD_RUNPATH_SEARCH_PATHS = (
					"$(inherited)",
					"@executable_path/Frameworks",
					"@loader_path/Frameworks",
				);
				PRODUCT_BUNDLE_IDENTIFIER = "com.mobilejazz.iOS-TwitterTests";
				PRODUCT_NAME = "$(TARGET_NAME)";
				SWIFT_VERSION = 5.0;
				TARGETED_DEVICE_FAMILY = "1,2";
				TEST_HOST = "$(BUILT_PRODUCTS_DIR)/iOS Twitter.app/iOS Twitter";
			};
			name = Debug;
		};
		2BD33F8226778348007A8C85 /* Release */ = {
			isa = XCBuildConfiguration;
			buildSettings = {
				ALWAYS_EMBED_SWIFT_STANDARD_LIBRARIES = YES;
				BUNDLE_LOADER = "$(TEST_HOST)";
				CODE_SIGN_STYLE = Automatic;
				DEVELOPMENT_TEAM = 9YHGX7ST8H;
				INFOPLIST_FILE = "iOS TwitterTests/Info.plist";
				IPHONEOS_DEPLOYMENT_TARGET = 14.0;
				LD_RUNPATH_SEARCH_PATHS = (
					"$(inherited)",
					"@executable_path/Frameworks",
					"@loader_path/Frameworks",
				);
				PRODUCT_BUNDLE_IDENTIFIER = "com.mobilejazz.iOS-TwitterTests";
				PRODUCT_NAME = "$(TARGET_NAME)";
				SWIFT_VERSION = 5.0;
				TARGETED_DEVICE_FAMILY = "1,2";
				TEST_HOST = "$(BUILT_PRODUCTS_DIR)/iOS Twitter.app/iOS Twitter";
			};
			name = Release;
		};
		2BD33F8426778348007A8C85 /* Debug */ = {
			isa = XCBuildConfiguration;
			buildSettings = {
				ALWAYS_EMBED_SWIFT_STANDARD_LIBRARIES = YES;
				CODE_SIGN_STYLE = Automatic;
				DEVELOPMENT_TEAM = 9YHGX7ST8H;
				INFOPLIST_FILE = "iOS TwitterUITests/Info.plist";
				LD_RUNPATH_SEARCH_PATHS = (
					"$(inherited)",
					"@executable_path/Frameworks",
					"@loader_path/Frameworks",
				);
				PRODUCT_BUNDLE_IDENTIFIER = "com.mobilejazz.iOS-TwitterUITests";
				PRODUCT_NAME = "$(TARGET_NAME)";
				SWIFT_VERSION = 5.0;
				TARGETED_DEVICE_FAMILY = "1,2";
				TEST_TARGET_NAME = "iOS Twitter";
			};
			name = Debug;
		};
		2BD33F8526778348007A8C85 /* Release */ = {
			isa = XCBuildConfiguration;
			buildSettings = {
				ALWAYS_EMBED_SWIFT_STANDARD_LIBRARIES = YES;
				CODE_SIGN_STYLE = Automatic;
				DEVELOPMENT_TEAM = 9YHGX7ST8H;
				INFOPLIST_FILE = "iOS TwitterUITests/Info.plist";
				LD_RUNPATH_SEARCH_PATHS = (
					"$(inherited)",
					"@executable_path/Frameworks",
					"@loader_path/Frameworks",
				);
				PRODUCT_BUNDLE_IDENTIFIER = "com.mobilejazz.iOS-TwitterUITests";
				PRODUCT_NAME = "$(TARGET_NAME)";
				SWIFT_VERSION = 5.0;
				TARGETED_DEVICE_FAMILY = "1,2";
				TEST_TARGET_NAME = "iOS Twitter";
			};
			name = Release;
		};
/* End XCBuildConfiguration section */

/* Begin XCConfigurationList section */
		2BD33F5326778347007A8C85 /* Build configuration list for PBXProject "iOS Twitter" */ = {
			isa = XCConfigurationList;
			buildConfigurations = (
				2BD33F7B26778348007A8C85 /* Debug */,
				2BD33F7C26778348007A8C85 /* Release */,
			);
			defaultConfigurationIsVisible = 0;
			defaultConfigurationName = Release;
		};
		2BD33F7D26778348007A8C85 /* Build configuration list for PBXNativeTarget "iOS Twitter" */ = {
			isa = XCConfigurationList;
			buildConfigurations = (
				2BD33F7E26778348007A8C85 /* Debug */,
				2BD33F7F26778348007A8C85 /* Release */,
			);
			defaultConfigurationIsVisible = 0;
			defaultConfigurationName = Release;
		};
		2BD33F8026778348007A8C85 /* Build configuration list for PBXNativeTarget "iOS TwitterTests" */ = {
			isa = XCConfigurationList;
			buildConfigurations = (
				2BD33F8126778348007A8C85 /* Debug */,
				2BD33F8226778348007A8C85 /* Release */,
			);
			defaultConfigurationIsVisible = 0;
			defaultConfigurationName = Release;
		};
		2BD33F8326778348007A8C85 /* Build configuration list for PBXNativeTarget "iOS TwitterUITests" */ = {
			isa = XCConfigurationList;
			buildConfigurations = (
				2BD33F8426778348007A8C85 /* Debug */,
				2BD33F8526778348007A8C85 /* Release */,
			);
			defaultConfigurationIsVisible = 0;
			defaultConfigurationName = Release;
		};
/* End XCConfigurationList section */
	};
	rootObject = 2BD33F5026778347007A8C85 /* Project object */;
}
